
Microsoft Visual Studio Solution File, Format Version 12.00
# Visual Studio 14
VisualStudioVersion = 14.0.23107.0
MinimumVisualStudioVersion = 10.0.40219.1
Project("{FAE04EC0-301F-11D3-BF4B-00C04F79EFBC}") = "D2L.Security.OAuth2", "src\D2L.Security.OAuth2\D2L.Security.OAuth2.csproj", "{676FB8C0-D021-475E-941B-03BE21769294}"
EndProject
Project("{FAE04EC0-301F-11D3-BF4B-00C04F79EFBC}") = "D2L.Security.OAuth2.WebApi", "src\D2L.Security.OAuth2.WebApi\D2L.Security.OAuth2.WebApi.csproj", "{C9140879-73E6-4767-B12B-17581793E419}"
EndProject
Project("{FAE04EC0-301F-11D3-BF4B-00C04F79EFBC}") = "D2L.Security.OAuth2.TestFramework", "src\D2L.Security.OAuth2.TestFramework\D2L.Security.OAuth2.TestFramework.csproj", "{F10655CB-E66D-4DF7-8991-10C26C8FAF18}"
EndProject
Project("{2150E333-8FDC-42A3-9474-1A3956D46DE8}") = "Tests", "Tests", "{731C8174-3528-40CD-AE98-F21CB7763FD1}"
EndProject
Project("{FAE04EC0-301F-11D3-BF4B-00C04F79EFBC}") = "D2L.Security.OAuth2.UnitTests", "test\D2L.Security.OAuth2.UnitTests\D2L.Security.OAuth2.UnitTests.csproj", "{95CE1314-E961-4C64-B410-43903BD3A04C}"
EndProject
Project("{FAE04EC0-301F-11D3-BF4B-00C04F79EFBC}") = "D2L.Security.OAuth2.IntegrationTests", "test\D2L.Security.OAuth2.Tests\D2L.Security.OAuth2.IntegrationTests.csproj", "{F5667A7E-955D-4402-86C4-8DFB65768AE1}"
EndProject
Project("{FAE04EC0-301F-11D3-BF4B-00C04F79EFBC}") = "D2L.Security.OAuth2.WebApi.UnitTests", "test\D2L.Security.OAuth2.WebApi.UnitTests\D2L.Security.OAuth2.WebApi.UnitTests.csproj", "{EC9FFA3D-76C9-495F-AE35-7EE1BEE5BC54}"
EndProject
Project("{FAE04EC0-301F-11D3-BF4B-00C04F79EFBC}") = "D2L.Security.OAuth2.WebApi.IntegrationTests", "test\D2L.Security.OAuth2.WebApi.IntegrationTests\D2L.Security.OAuth2.WebApi.IntegrationTests.csproj", "{AAEEDF67-9ACD-4316-8570-77BABFC7F235}"
EndProject
Project("{FAE04EC0-301F-11D3-BF4B-00C04F79EFBC}") = "D2L.Security.OAuth2.Benchmarks", "test\D2L.Security.OAuth2.Benchmarks\D2L.Security.OAuth2.Benchmarks.csproj", "{32C50F4A-03AE-4C99-9108-3AD518729410}"
EndProject
Global
	GlobalSection(SolutionConfigurationPlatforms) = preSolution
		Debug|Any CPU = Debug|Any CPU
		Debug|ARM = Debug|ARM
		Debug|x64 = Debug|x64
		Debug|x86 = Debug|x86
		Release|Any CPU = Release|Any CPU
		Release|ARM = Release|ARM
		Release|x64 = Release|x64
		Release|x86 = Release|x86
	EndGlobalSection
	GlobalSection(ProjectConfigurationPlatforms) = postSolution
		{676FB8C0-D021-475E-941B-03BE21769294}.Debug|Any CPU.ActiveCfg = Debug|Any CPU
		{676FB8C0-D021-475E-941B-03BE21769294}.Debug|Any CPU.Build.0 = Debug|Any CPU
		{676FB8C0-D021-475E-941B-03BE21769294}.Debug|ARM.ActiveCfg = Debug|Any CPU
		{676FB8C0-D021-475E-941B-03BE21769294}.Debug|x64.ActiveCfg = Debug|Any CPU
		{676FB8C0-D021-475E-941B-03BE21769294}.Debug|x86.ActiveCfg = Debug|Any CPU
		{676FB8C0-D021-475E-941B-03BE21769294}.Release|Any CPU.ActiveCfg = Release|Any CPU
		{676FB8C0-D021-475E-941B-03BE21769294}.Release|Any CPU.Build.0 = Release|Any CPU
		{676FB8C0-D021-475E-941B-03BE21769294}.Release|ARM.ActiveCfg = Release|Any CPU
		{676FB8C0-D021-475E-941B-03BE21769294}.Release|x64.ActiveCfg = Release|Any CPU
		{676FB8C0-D021-475E-941B-03BE21769294}.Release|x86.ActiveCfg = Release|Any CPU
		{C9140879-73E6-4767-B12B-17581793E419}.Debug|Any CPU.ActiveCfg = Debug|Any CPU
		{C9140879-73E6-4767-B12B-17581793E419}.Debug|Any CPU.Build.0 = Debug|Any CPU
		{C9140879-73E6-4767-B12B-17581793E419}.Debug|ARM.ActiveCfg = Debug|Any CPU
		{C9140879-73E6-4767-B12B-17581793E419}.Debug|x64.ActiveCfg = Debug|Any CPU
		{C9140879-73E6-4767-B12B-17581793E419}.Debug|x86.ActiveCfg = Debug|Any CPU
		{C9140879-73E6-4767-B12B-17581793E419}.Release|Any CPU.ActiveCfg = Release|Any CPU
		{C9140879-73E6-4767-B12B-17581793E419}.Release|Any CPU.Build.0 = Release|Any CPU
		{C9140879-73E6-4767-B12B-17581793E419}.Release|ARM.ActiveCfg = Release|Any CPU
		{C9140879-73E6-4767-B12B-17581793E419}.Release|x64.ActiveCfg = Release|Any CPU
		{C9140879-73E6-4767-B12B-17581793E419}.Release|x86.ActiveCfg = Release|Any CPU
		{F10655CB-E66D-4DF7-8991-10C26C8FAF18}.Debug|Any CPU.ActiveCfg = Debug|Any CPU
		{F10655CB-E66D-4DF7-8991-10C26C8FAF18}.Debug|Any CPU.Build.0 = Debug|Any CPU
		{F10655CB-E66D-4DF7-8991-10C26C8FAF18}.Debug|ARM.ActiveCfg = Debug|Any CPU
		{F10655CB-E66D-4DF7-8991-10C26C8FAF18}.Debug|x64.ActiveCfg = Debug|Any CPU
		{F10655CB-E66D-4DF7-8991-10C26C8FAF18}.Debug|x86.ActiveCfg = Debug|Any CPU
		{F10655CB-E66D-4DF7-8991-10C26C8FAF18}.Release|Any CPU.ActiveCfg = Release|Any CPU
		{F10655CB-E66D-4DF7-8991-10C26C8FAF18}.Release|Any CPU.Build.0 = Release|Any CPU
		{F10655CB-E66D-4DF7-8991-10C26C8FAF18}.Release|ARM.ActiveCfg = Release|Any CPU
		{F10655CB-E66D-4DF7-8991-10C26C8FAF18}.Release|x64.ActiveCfg = Release|Any CPU
		{F10655CB-E66D-4DF7-8991-10C26C8FAF18}.Release|x86.ActiveCfg = Release|Any CPU
		{95CE1314-E961-4C64-B410-43903BD3A04C}.Debug|Any CPU.ActiveCfg = Debug|Any CPU
		{95CE1314-E961-4C64-B410-43903BD3A04C}.Debug|Any CPU.Build.0 = Debug|Any CPU
		{95CE1314-E961-4C64-B410-43903BD3A04C}.Debug|ARM.ActiveCfg = Debug|Any CPU
		{95CE1314-E961-4C64-B410-43903BD3A04C}.Debug|x64.ActiveCfg = Debug|Any CPU
		{95CE1314-E961-4C64-B410-43903BD3A04C}.Debug|x86.ActiveCfg = Debug|Any CPU
		{95CE1314-E961-4C64-B410-43903BD3A04C}.Release|Any CPU.ActiveCfg = Release|Any CPU
		{95CE1314-E961-4C64-B410-43903BD3A04C}.Release|Any CPU.Build.0 = Release|Any CPU
		{95CE1314-E961-4C64-B410-43903BD3A04C}.Release|ARM.ActiveCfg = Release|Any CPU
		{95CE1314-E961-4C64-B410-43903BD3A04C}.Release|x64.ActiveCfg = Release|Any CPU
		{95CE1314-E961-4C64-B410-43903BD3A04C}.Release|x86.ActiveCfg = Release|Any CPU
		{F5667A7E-955D-4402-86C4-8DFB65768AE1}.Debug|Any CPU.ActiveCfg = Debug|Any CPU
		{F5667A7E-955D-4402-86C4-8DFB65768AE1}.Debug|Any CPU.Build.0 = Debug|Any CPU
		{F5667A7E-955D-4402-86C4-8DFB65768AE1}.Debug|ARM.ActiveCfg = Debug|Any CPU
		{F5667A7E-955D-4402-86C4-8DFB65768AE1}.Debug|x64.ActiveCfg = Debug|Any CPU
		{F5667A7E-955D-4402-86C4-8DFB65768AE1}.Debug|x86.ActiveCfg = Debug|Any CPU
		{F5667A7E-955D-4402-86C4-8DFB65768AE1}.Release|Any CPU.ActiveCfg = Release|Any CPU
		{F5667A7E-955D-4402-86C4-8DFB65768AE1}.Release|Any CPU.Build.0 = Release|Any CPU
		{F5667A7E-955D-4402-86C4-8DFB65768AE1}.Release|ARM.ActiveCfg = Release|Any CPU
		{F5667A7E-955D-4402-86C4-8DFB65768AE1}.Release|x64.ActiveCfg = Release|Any CPU
		{F5667A7E-955D-4402-86C4-8DFB65768AE1}.Release|x86.ActiveCfg = Release|Any CPU
		{EC9FFA3D-76C9-495F-AE35-7EE1BEE5BC54}.Debug|Any CPU.ActiveCfg = Debug|Any CPU
		{EC9FFA3D-76C9-495F-AE35-7EE1BEE5BC54}.Debug|Any CPU.Build.0 = Debug|Any CPU
		{EC9FFA3D-76C9-495F-AE35-7EE1BEE5BC54}.Debug|ARM.ActiveCfg = Debug|Any CPU
		{EC9FFA3D-76C9-495F-AE35-7EE1BEE5BC54}.Debug|x64.ActiveCfg = Debug|Any CPU
		{EC9FFA3D-76C9-495F-AE35-7EE1BEE5BC54}.Debug|x86.ActiveCfg = Debug|Any CPU
		{EC9FFA3D-76C9-495F-AE35-7EE1BEE5BC54}.Release|Any CPU.ActiveCfg = Release|Any CPU
		{EC9FFA3D-76C9-495F-AE35-7EE1BEE5BC54}.Release|Any CPU.Build.0 = Release|Any CPU
		{EC9FFA3D-76C9-495F-AE35-7EE1BEE5BC54}.Release|ARM.ActiveCfg = Release|Any CPU
		{EC9FFA3D-76C9-495F-AE35-7EE1BEE5BC54}.Release|x64.ActiveCfg = Release|Any CPU
		{EC9FFA3D-76C9-495F-AE35-7EE1BEE5BC54}.Release|x86.ActiveCfg = Release|Any CPU
		{AAEEDF67-9ACD-4316-8570-77BABFC7F235}.Debug|Any CPU.ActiveCfg = Debug|Any CPU
		{AAEEDF67-9ACD-4316-8570-77BABFC7F235}.Debug|Any CPU.Build.0 = Debug|Any CPU
		{AAEEDF67-9ACD-4316-8570-77BABFC7F235}.Debug|ARM.ActiveCfg = Debug|Any CPU
		{AAEEDF67-9ACD-4316-8570-77BABFC7F235}.Debug|x64.ActiveCfg = Debug|Any CPU
		{AAEEDF67-9ACD-4316-8570-77BABFC7F235}.Debug|x86.ActiveCfg = Debug|Any CPU
		{AAEEDF67-9ACD-4316-8570-77BABFC7F235}.Release|Any CPU.ActiveCfg = Release|Any CPU
		{AAEEDF67-9ACD-4316-8570-77BABFC7F235}.Release|Any CPU.Build.0 = Release|Any CPU
		{AAEEDF67-9ACD-4316-8570-77BABFC7F235}.Release|ARM.ActiveCfg = Release|Any CPU
		{AAEEDF67-9ACD-4316-8570-77BABFC7F235}.Release|x64.ActiveCfg = Release|Any CPU
		{AAEEDF67-9ACD-4316-8570-77BABFC7F235}.Release|x86.ActiveCfg = Release|Any CPU
		{32C50F4A-03AE-4C99-9108-3AD518729410}.Debug|Any CPU.ActiveCfg = Debug|Any CPU
		{32C50F4A-03AE-4C99-9108-3AD518729410}.Debug|Any CPU.Build.0 = Debug|Any CPU
		{32C50F4A-03AE-4C99-9108-3AD518729410}.Debug|ARM.ActiveCfg = Debug|Any CPU
		{32C50F4A-03AE-4C99-9108-3AD518729410}.Debug|x64.ActiveCfg = Debug|Any CPU
		{32C50F4A-03AE-4C99-9108-3AD518729410}.Debug|x86.ActiveCfg = Debug|Any CPU
		{32C50F4A-03AE-4C99-9108-3AD518729410}.Release|Any CPU.ActiveCfg = Release|Any CPU
		{32C50F4A-03AE-4C99-9108-3AD518729410}.Release|Any CPU.Build.0 = Release|Any CPU
		{32C50F4A-03AE-4C99-9108-3AD518729410}.Release|ARM.ActiveCfg = Release|Any CPU
		{32C50F4A-03AE-4C99-9108-3AD518729410}.Release|x64.ActiveCfg = Release|Any CPU
		{32C50F4A-03AE-4C99-9108-3AD518729410}.Release|x86.ActiveCfg = Release|Any CPU
	EndGlobalSection
	GlobalSection(SolutionProperties) = preSolution
		HideSolutionNode = FALSE
	EndGlobalSection
	GlobalSection(NestedProjects) = preSolution
		{95CE1314-E961-4C64-B410-43903BD3A04C} = {731C8174-3528-40CD-AE98-F21CB7763FD1}
		{F5667A7E-955D-4402-86C4-8DFB65768AE1} = {731C8174-3528-40CD-AE98-F21CB7763FD1}
		{EC9FFA3D-76C9-495F-AE35-7EE1BEE5BC54} = {731C8174-3528-40CD-AE98-F21CB7763FD1}
		{AAEEDF67-9ACD-4316-8570-77BABFC7F235} = {731C8174-3528-40CD-AE98-F21CB7763FD1}
		{32C50F4A-03AE-4C99-9108-3AD518729410} = {731C8174-3528-40CD-AE98-F21CB7763FD1}
	EndGlobalSection
EndGlobal
