
Microsoft Visual Studio Solution File, Format Version 12.00
# Visual Studio 2013
VisualStudioVersion = 12.0.30723.0
MinimumVisualStudioVersion = 10.0.40219.1
Project("{FAE04EC0-301F-11D3-BF4B-00C04F79EFBC}") = "D2L.Security.OAuth2.WebApi", "src\D2L.Security.OAuth2.WebApi\D2L.Security.OAuth2.WebApi.csproj", "{C9140879-73E6-4767-B12B-17581793E419}"
EndProject
Project("{FAE04EC0-301F-11D3-BF4B-00C04F79EFBC}") = "D2L.Security.OAuth2.WebApi.UnitTests", "test\D2L.Security.OAuth2.WebApi.UnitTests\D2L.Security.OAuth2.WebApi.UnitTests.csproj", "{EC9FFA3D-76C9-495F-AE35-7EE1BEE5BC54}"
EndProject
Project("{2150E333-8FDC-42A3-9474-1A3956D46DE8}") = "Test", "Test", "{CFB9DCB1-4616-44F9-A8A0-DFEE76C29A6B}"
EndProject
Project("{FAE04EC0-301F-11D3-BF4B-00C04F79EFBC}") = "D2L.Security.OAuth2.WebApi.IntegrationTests", "test\D2L.Security.OAuth2.WebApi.IntegrationTests\D2L.Security.OAuth2.WebApi.IntegrationTests.csproj", "{AAEEDF67-9ACD-4316-8570-77BABFC7F235}"
EndProject
Global
	GlobalSection(SolutionConfigurationPlatforms) = preSolution
		Debug|Any CPU = Debug|Any CPU
		Release|Any CPU = Release|Any CPU
	EndGlobalSection
	GlobalSection(ProjectConfigurationPlatforms) = postSolution
		{C9140879-73E6-4767-B12B-17581793E419}.Debug|Any CPU.ActiveCfg = Debug|Any CPU
		{C9140879-73E6-4767-B12B-17581793E419}.Debug|Any CPU.Build.0 = Debug|Any CPU
		{C9140879-73E6-4767-B12B-17581793E419}.Release|Any CPU.ActiveCfg = Release|Any CPU
		{C9140879-73E6-4767-B12B-17581793E419}.Release|Any CPU.Build.0 = Release|Any CPU
		{EC9FFA3D-76C9-495F-AE35-7EE1BEE5BC54}.Debug|Any CPU.ActiveCfg = Debug|Any CPU
		{EC9FFA3D-76C9-495F-AE35-7EE1BEE5BC54}.Debug|Any CPU.Build.0 = Debug|Any CPU
		{EC9FFA3D-76C9-495F-AE35-7EE1BEE5BC54}.Release|Any CPU.ActiveCfg = Release|Any CPU
		{EC9FFA3D-76C9-495F-AE35-7EE1BEE5BC54}.Release|Any CPU.Build.0 = Release|Any CPU
		{AAEEDF67-9ACD-4316-8570-77BABFC7F235}.Debug|Any CPU.ActiveCfg = Debug|Any CPU
		{AAEEDF67-9ACD-4316-8570-77BABFC7F235}.Debug|Any CPU.Build.0 = Debug|Any CPU
		{AAEEDF67-9ACD-4316-8570-77BABFC7F235}.Release|Any CPU.ActiveCfg = Release|Any CPU
		{AAEEDF67-9ACD-4316-8570-77BABFC7F235}.Release|Any CPU.Build.0 = Release|Any CPU
	EndGlobalSection
	GlobalSection(SolutionProperties) = preSolution
		HideSolutionNode = FALSE
	EndGlobalSection
	GlobalSection(NestedProjects) = preSolution
		{EC9FFA3D-76C9-495F-AE35-7EE1BEE5BC54} = {CFB9DCB1-4616-44F9-A8A0-DFEE76C29A6B}
		{AAEEDF67-9ACD-4316-8570-77BABFC7F235} = {CFB9DCB1-4616-44F9-A8A0-DFEE76C29A6B}
	EndGlobalSection
EndGlobal
